// !$*UTF8*$!
{
	archiveVersion = 1;
	classes = {
	};
	objectVersion = 50;
	objects = {

/* Begin PBXBuildFile section */
		F13409C221807B8900D12509 /* TimeAnimator.swift in Sources */ = {isa = PBXBuildFile; fileRef = F13409C021807B8900D12509 /* TimeAnimator.swift */; };
		F13409C321807B8900D12509 /* SimpleTimer.swift in Sources */ = {isa = PBXBuildFile; fileRef = F13409C121807B8900D12509 /* SimpleTimer.swift */; };
		F13409C521807BAF00D12509 /* Carousel+Animation.swift in Sources */ = {isa = PBXBuildFile; fileRef = F13409C421807BAF00D12509 /* Carousel+Animation.swift */; };
		F13409C721807BE700D12509 /* Carousel+Gesture.swift in Sources */ = {isa = PBXBuildFile; fileRef = F13409C621807BE700D12509 /* Carousel+Gesture.swift */; };
		F13409C9218087D700D12509 /* CarouselAnimator.swift in Sources */ = {isa = PBXBuildFile; fileRef = F13409C8218087D700D12509 /* CarouselAnimator.swift */; };
		F13409CB2180A70700D12509 /* IntParser.swift in Sources */ = {isa = PBXBuildFile; fileRef = F13409CA2180A70700D12509 /* IntParser.swift */; };
		F13409D02180AAEF00D12509 /* ConstraintKind.swift in Sources */ = {isa = PBXBuildFile; fileRef = F13409CD2180AAEF00D12509 /* ConstraintKind.swift */; };
		F13409D12180AAEF00D12509 /* Alignment.swift in Sources */ = {isa = PBXBuildFile; fileRef = F13409CE2180AAEF00D12509 /* Alignment.swift */; };
		F13409D22180AAEF00D12509 /* Constraint.swift in Sources */ = {isa = PBXBuildFile; fileRef = F13409CF2180AAEF00D12509 /* Constraint.swift */; };
		F13409D42180ABAF00D12509 /* CardKind.swift in Sources */ = {isa = PBXBuildFile; fileRef = F13409D32180ABAF00D12509 /* CardKind.swift */; };
		F161B5AE217F324600FEEE94 /* Carousel.swift in Sources */ = {isa = PBXBuildFile; fileRef = F161B5AD217F324600FEEE94 /* Carousel.swift */; };
		F161B5B1217F4ED500FEEE94 /* Carousel+Create.swift in Sources */ = {isa = PBXBuildFile; fileRef = F161B5B0217F4ED500FEEE94 /* Carousel+Create.swift */; };
		F161B5B3217F51CB00FEEE94 /* Card.swift in Sources */ = {isa = PBXBuildFile; fileRef = F161B5B2217F51CB00FEEE94 /* Card.swift */; };
		F18A52B821789887003F8C13 /* AppDelegate.swift in Sources */ = {isa = PBXBuildFile; fileRef = F18A52B721789887003F8C13 /* AppDelegate.swift */; };
		F18A52BA21789887003F8C13 /* ViewController.swift in Sources */ = {isa = PBXBuildFile; fileRef = F18A52B921789887003F8C13 /* ViewController.swift */; };
		F18A52BD21789887003F8C13 /* Main.storyboard in Resources */ = {isa = PBXBuildFile; fileRef = F18A52BB21789887003F8C13 /* Main.storyboard */; };
		F18A52BF21789889003F8C13 /* Assets.xcassets in Resources */ = {isa = PBXBuildFile; fileRef = F18A52BE21789889003F8C13 /* Assets.xcassets */; };
		F18A52C221789889003F8C13 /* LaunchScreen.storyboard in Resources */ = {isa = PBXBuildFile; fileRef = F18A52C021789889003F8C13 /* LaunchScreen.storyboard */; };
		F1BBDD1B2180B582008DBC9B /* CardView.swift in Sources */ = {isa = PBXBuildFile; fileRef = F1BBDD152180B582008DBC9B /* CardView.swift */; };
		F1BBDD1C2180B582008DBC9B /* MiddleContent.swift in Sources */ = {isa = PBXBuildFile; fileRef = F1BBDD172180B582008DBC9B /* MiddleContent.swift */; };
		F1BBDD1D2180B582008DBC9B /* BottomBar.swift in Sources */ = {isa = PBXBuildFile; fileRef = F1BBDD182180B582008DBC9B /* BottomBar.swift */; };
		F1BBDD1E2180B582008DBC9B /* TopBar.swift in Sources */ = {isa = PBXBuildFile; fileRef = F1BBDD192180B582008DBC9B /* TopBar.swift */; };
		F1BBDD1F2180B582008DBC9B /* CardView+Extension.swift in Sources */ = {isa = PBXBuildFile; fileRef = F1BBDD1A2180B582008DBC9B /* CardView+Extension.swift */; };
/* End PBXBuildFile section */

/* Begin PBXFileReference section */
		F13409C021807B8900D12509 /* TimeAnimator.swift */ = {isa = PBXFileReference; fileEncoding = 4; lastKnownFileType = sourcecode.swift; path = TimeAnimator.swift; sourceTree = "<group>"; };
		F13409C121807B8900D12509 /* SimpleTimer.swift */ = {isa = PBXFileReference; fileEncoding = 4; lastKnownFileType = sourcecode.swift; path = SimpleTimer.swift; sourceTree = "<group>"; };
		F13409C421807BAF00D12509 /* Carousel+Animation.swift */ = {isa = PBXFileReference; lastKnownFileType = sourcecode.swift; path = "Carousel+Animation.swift"; sourceTree = "<group>"; };
		F13409C621807BE700D12509 /* Carousel+Gesture.swift */ = {isa = PBXFileReference; lastKnownFileType = sourcecode.swift; path = "Carousel+Gesture.swift"; sourceTree = "<group>"; };
		F13409C8218087D700D12509 /* CarouselAnimator.swift */ = {isa = PBXFileReference; lastKnownFileType = sourcecode.swift; path = CarouselAnimator.swift; sourceTree = "<group>"; };
		F13409CA2180A70700D12509 /* IntParser.swift */ = {isa = PBXFileReference; lastKnownFileType = sourcecode.swift; path = IntParser.swift; sourceTree = "<group>"; };
		F13409CD2180AAEF00D12509 /* ConstraintKind.swift */ = {isa = PBXFileReference; fileEncoding = 4; lastKnownFileType = sourcecode.swift; path = ConstraintKind.swift; sourceTree = "<group>"; };
		F13409CE2180AAEF00D12509 /* Alignment.swift */ = {isa = PBXFileReference; fileEncoding = 4; lastKnownFileType = sourcecode.swift; path = Alignment.swift; sourceTree = "<group>"; };
		F13409CF2180AAEF00D12509 /* Constraint.swift */ = {isa = PBXFileReference; fileEncoding = 4; lastKnownFileType = sourcecode.swift; path = Constraint.swift; sourceTree = "<group>"; };
		F13409D32180ABAF00D12509 /* CardKind.swift */ = {isa = PBXFileReference; lastKnownFileType = sourcecode.swift; path = CardKind.swift; sourceTree = "<group>"; };
		F161B5AD217F324600FEEE94 /* Carousel.swift */ = {isa = PBXFileReference; fileEncoding = 4; lastKnownFileType = sourcecode.swift; path = Carousel.swift; sourceTree = "<group>"; };
		F161B5B0217F4ED500FEEE94 /* Carousel+Create.swift */ = {isa = PBXFileReference; lastKnownFileType = sourcecode.swift; path = "Carousel+Create.swift"; sourceTree = "<group>"; };
		F161B5B2217F51CB00FEEE94 /* Card.swift */ = {isa = PBXFileReference; lastKnownFileType = sourcecode.swift; path = Card.swift; sourceTree = "<group>"; };
		F18A52B421789886003F8C13 /* CarouselDemo.app */ = {isa = PBXFileReference; explicitFileType = wrapper.application; includeInIndex = 0; path = CarouselDemo.app; sourceTree = BUILT_PRODUCTS_DIR; };
		F18A52B721789887003F8C13 /* AppDelegate.swift */ = {isa = PBXFileReference; lastKnownFileType = sourcecode.swift; path = AppDelegate.swift; sourceTree = "<group>"; };
		F18A52B921789887003F8C13 /* ViewController.swift */ = {isa = PBXFileReference; lastKnownFileType = sourcecode.swift; path = ViewController.swift; sourceTree = "<group>"; };
		F18A52BC21789887003F8C13 /* Base */ = {isa = PBXFileReference; lastKnownFileType = file.storyboard; name = Base; path = Base.lproj/Main.storyboard; sourceTree = "<group>"; };
		F18A52BE21789889003F8C13 /* Assets.xcassets */ = {isa = PBXFileReference; lastKnownFileType = folder.assetcatalog; path = Assets.xcassets; sourceTree = "<group>"; };
		F18A52C121789889003F8C13 /* Base */ = {isa = PBXFileReference; lastKnownFileType = file.storyboard; name = Base; path = Base.lproj/LaunchScreen.storyboard; sourceTree = "<group>"; };
		F18A52C321789889003F8C13 /* Info.plist */ = {isa = PBXFileReference; lastKnownFileType = text.plist.xml; path = Info.plist; sourceTree = "<group>"; };
		F1BBDD152180B582008DBC9B /* CardView.swift */ = {isa = PBXFileReference; fileEncoding = 4; lastKnownFileType = sourcecode.swift; path = CardView.swift; sourceTree = "<group>"; };
		F1BBDD172180B582008DBC9B /* MiddleContent.swift */ = {isa = PBXFileReference; fileEncoding = 4; lastKnownFileType = sourcecode.swift; path = MiddleContent.swift; sourceTree = "<group>"; };
		F1BBDD182180B582008DBC9B /* BottomBar.swift */ = {isa = PBXFileReference; fileEncoding = 4; lastKnownFileType = sourcecode.swift; path = BottomBar.swift; sourceTree = "<group>"; };
		F1BBDD192180B582008DBC9B /* TopBar.swift */ = {isa = PBXFileReference; fileEncoding = 4; lastKnownFileType = sourcecode.swift; path = TopBar.swift; sourceTree = "<group>"; };
		F1BBDD1A2180B582008DBC9B /* CardView+Extension.swift */ = {isa = PBXFileReference; fileEncoding = 4; lastKnownFileType = sourcecode.swift; path = "CardView+Extension.swift"; sourceTree = "<group>"; };
/* End PBXFileReference section */

/* Begin PBXFrameworksBuildPhase section */
		F18A52B121789886003F8C13 /* Frameworks */ = {
			isa = PBXFrameworksBuildPhase;
			buildActionMask = 2147483647;
			files = (
			);
			runOnlyForDeploymentPostprocessing = 0;
		};
/* End PBXFrameworksBuildPhase section */

/* Begin PBXGroup section */
		F13409BF21807B7700D12509 /* third */ = {
			isa = PBXGroup;
			children = (
				F13409C121807B8900D12509 /* SimpleTimer.swift */,
				F13409CC2180AAD800D12509 /* spatial */,
				F13409C021807B8900D12509 /* TimeAnimator.swift */,
				F13409C8218087D700D12509 /* CarouselAnimator.swift */,
				F13409CA2180A70700D12509 /* IntParser.swift */,
			);
			path = third;
			sourceTree = "<group>";
		};
		F13409CC2180AAD800D12509 /* spatial */ = {
			isa = PBXGroup;
			children = (
				F13409CE2180AAEF00D12509 /* Alignment.swift */,
				F13409CF2180AAEF00D12509 /* Constraint.swift */,
				F13409CD2180AAEF00D12509 /* ConstraintKind.swift */,
			);
			path = spatial;
			sourceTree = "<group>";
		};
		F18A52AB21789886003F8C13 = {
			isa = PBXGroup;
			children = (
				F18A52B621789886003F8C13 /* CarouselDemo */,
				F18A52B521789886003F8C13 /* Products */,
			);
			sourceTree = "<group>";
		};
		F18A52B521789886003F8C13 /* Products */ = {
			isa = PBXGroup;
			children = (
				F18A52B421789886003F8C13 /* CarouselDemo.app */,
			);
			name = Products;
			sourceTree = "<group>";
		};
		F18A52B621789886003F8C13 /* CarouselDemo */ = {
			isa = PBXGroup;
			children = (
				F13409BF21807B7700D12509 /* third */,
				F18A52B721789887003F8C13 /* AppDelegate.swift */,
				F18A52B921789887003F8C13 /* ViewController.swift */,
				F1BBDD142180B566008DBC9B /* card */,
				F18A52C921789D65003F8C13 /* src */,
				F18A52BB21789887003F8C13 /* Main.storyboard */,
				F18A52BE21789889003F8C13 /* Assets.xcassets */,
				F18A52C021789889003F8C13 /* LaunchScreen.storyboard */,
				F18A52C321789889003F8C13 /* Info.plist */,
			);
			path = CarouselDemo;
			sourceTree = "<group>";
		};
		F18A52C921789D65003F8C13 /* src */ = {
			isa = PBXGroup;
			children = (
				F161B5AD217F324600FEEE94 /* Carousel.swift */,
				F161B5B0217F4ED500FEEE94 /* Carousel+Create.swift */,
				F13409C621807BE700D12509 /* Carousel+Gesture.swift */,
				F13409C421807BAF00D12509 /* Carousel+Animation.swift */,
				F161B5B2217F51CB00FEEE94 /* Card.swift */,
				F13409D32180ABAF00D12509 /* CardKind.swift */,
			);
			path = src;
			sourceTree = "<group>";
		};
		F1BBDD142180B566008DBC9B /* card */ = {
			isa = PBXGroup;
			children = (
				F1BBDD152180B582008DBC9B /* CardView.swift */,
				F1BBDD1A2180B582008DBC9B /* CardView+Extension.swift */,
				F1BBDD162180B582008DBC9B /* content */,
			);
			path = card;
			sourceTree = "<group>";
		};
		F1BBDD162180B582008DBC9B /* content */ = {
			isa = PBXGroup;
			children = (
				F1BBDD172180B582008DBC9B /* MiddleContent.swift */,
				F1BBDD182180B582008DBC9B /* BottomBar.swift */,
				F1BBDD192180B582008DBC9B /* TopBar.swift */,
			);
			path = content;
			sourceTree = "<group>";
		};
/* End PBXGroup section */

/* Begin PBXNativeTarget section */
		F18A52B321789886003F8C13 /* CarouselDemo */ = {
			isa = PBXNativeTarget;
			buildConfigurationList = F18A52C621789889003F8C13 /* Build configuration list for PBXNativeTarget "CarouselDemo" */;
			buildPhases = (
				F18A52B021789886003F8C13 /* Sources */,
				F18A52B121789886003F8C13 /* Frameworks */,
				F18A52B221789886003F8C13 /* Resources */,
			);
			buildRules = (
			);
			dependencies = (
			);
			name = CarouselDemo;
			productName = CarouselDemo;
			productReference = F18A52B421789886003F8C13 /* CarouselDemo.app */;
			productType = "com.apple.product-type.application";
		};
/* End PBXNativeTarget section */

/* Begin PBXProject section */
		F18A52AC21789886003F8C13 /* Project object */ = {
			isa = PBXProject;
			attributes = {
				LastSwiftUpdateCheck = 1000;
				LastUpgradeCheck = 1000;
				ORGANIZATIONNAME = FutureLab;
				TargetAttributes = {
					F18A52B321789886003F8C13 = {
						CreatedOnToolsVersion = 10.0;
					};
				};
			};
			buildConfigurationList = F18A52AF21789886003F8C13 /* Build configuration list for PBXProject "CarouselDemo" */;
			compatibilityVersion = "Xcode 9.3";
			developmentRegion = en;
			hasScannedForEncodings = 0;
			knownRegions = (
				en,
				Base,
			);
			mainGroup = F18A52AB21789886003F8C13;
			productRefGroup = F18A52B521789886003F8C13 /* Products */;
			projectDirPath = "";
			projectRoot = "";
			targets = (
				F18A52B321789886003F8C13 /* CarouselDemo */,
			);
		};
/* End PBXProject section */

/* Begin PBXResourcesBuildPhase section */
		F18A52B221789886003F8C13 /* Resources */ = {
			isa = PBXResourcesBuildPhase;
			buildActionMask = 2147483647;
			files = (
				F18A52C221789889003F8C13 /* LaunchScreen.storyboard in Resources */,
				F18A52BF21789889003F8C13 /* Assets.xcassets in Resources */,
				F18A52BD21789887003F8C13 /* Main.storyboard in Resources */,
			);
			runOnlyForDeploymentPostprocessing = 0;
		};
/* End PBXResourcesBuildPhase section */

/* Begin PBXSourcesBuildPhase section */
		F18A52B021789886003F8C13 /* Sources */ = {
			isa = PBXSourcesBuildPhase;
			buildActionMask = 2147483647;
			files = (
				F1BBDD1F2180B582008DBC9B /* CardView+Extension.swift in Sources */,
				F161B5AE217F324600FEEE94 /* Carousel.swift in Sources */,
				F13409D12180AAEF00D12509 /* Alignment.swift in Sources */,
				F1BBDD1D2180B582008DBC9B /* BottomBar.swift in Sources */,
				F13409C321807B8900D12509 /* SimpleTimer.swift in Sources */,
				F13409C521807BAF00D12509 /* Carousel+Animation.swift in Sources */,
				F18A52BA21789887003F8C13 /* ViewController.swift in Sources */,
				F13409D42180ABAF00D12509 /* CardKind.swift in Sources */,
				F13409D22180AAEF00D12509 /* Constraint.swift in Sources */,
				F13409C221807B8900D12509 /* TimeAnimator.swift in Sources */,
				F161B5B3217F51CB00FEEE94 /* Card.swift in Sources */,
				F1BBDD1C2180B582008DBC9B /* MiddleContent.swift in Sources */,
				F13409CB2180A70700D12509 /* IntParser.swift in Sources */,
				F13409C9218087D700D12509 /* CarouselAnimator.swift in Sources */,
				F13409C721807BE700D12509 /* Carousel+Gesture.swift in Sources */,
				F161B5B1217F4ED500FEEE94 /* Carousel+Create.swift in Sources */,
				F1BBDD1E2180B582008DBC9B /* TopBar.swift in Sources */,
				F18A52B821789887003F8C13 /* AppDelegate.swift in Sources */,
				F1BBDD1B2180B582008DBC9B /* CardView.swift in Sources */,
				F13409D02180AAEF00D12509 /* ConstraintKind.swift in Sources */,
			);
			runOnlyForDeploymentPostprocessing = 0;
		};
/* End PBXSourcesBuildPhase section */

/* Begin PBXVariantGroup section */
		F18A52BB21789887003F8C13 /* Main.storyboard */ = {
			isa = PBXVariantGroup;
			children = (
				F18A52BC21789887003F8C13 /* Base */,
			);
			name = Main.storyboard;
			sourceTree = "<group>";
		};
		F18A52C021789889003F8C13 /* LaunchScreen.storyboard */ = {
			isa = PBXVariantGroup;
			children = (
				F18A52C121789889003F8C13 /* Base */,
			);
			name = LaunchScreen.storyboard;
			sourceTree = "<group>";
		};
/* End PBXVariantGroup section */

/* Begin XCBuildConfiguration section */
		F18A52C421789889003F8C13 /* Debug */ = {
			isa = XCBuildConfiguration;
			buildSettings = {
				ALWAYS_SEARCH_USER_PATHS = NO;
				CLANG_ANALYZER_NONNULL = YES;
				CLANG_ANALYZER_NUMBER_OBJECT_CONVERSION = YES_AGGRESSIVE;
				CLANG_CXX_LANGUAGE_STANDARD = "gnu++14";
				CLANG_CXX_LIBRARY = "libc++";
				CLANG_ENABLE_MODULES = YES;
				CLANG_ENABLE_OBJC_ARC = YES;
				CLANG_ENABLE_OBJC_WEAK = YES;
				CLANG_WARN_BLOCK_CAPTURE_AUTORELEASING = YES;
				CLANG_WARN_BOOL_CONVERSION = YES;
				CLANG_WARN_COMMA = YES;
				CLANG_WARN_CONSTANT_CONVERSION = YES;
				CLANG_WARN_DEPRECATED_OBJC_IMPLEMENTATIONS = YES;
				CLANG_WARN_DIRECT_OBJC_ISA_USAGE = YES_ERROR;
				CLANG_WARN_DOCUMENTATION_COMMENTS = YES;
				CLANG_WARN_EMPTY_BODY = YES;
				CLANG_WARN_ENUM_CONVERSION = YES;
				CLANG_WARN_INFINITE_RECURSION = YES;
				CLANG_WARN_INT_CONVERSION = YES;
				CLANG_WARN_NON_LITERAL_NULL_CONVERSION = YES;
				CLANG_WARN_OBJC_IMPLICIT_RETAIN_SELF = YES;
				CLANG_WARN_OBJC_LITERAL_CONVERSION = YES;
				CLANG_WARN_OBJC_ROOT_CLASS = YES_ERROR;
				CLANG_WARN_RANGE_LOOP_ANALYSIS = YES;
				CLANG_WARN_STRICT_PROTOTYPES = YES;
				CLANG_WARN_SUSPICIOUS_MOVE = YES;
				CLANG_WARN_UNGUARDED_AVAILABILITY = YES_AGGRESSIVE;
				CLANG_WARN_UNREACHABLE_CODE = YES;
				CLANG_WARN__DUPLICATE_METHOD_MATCH = YES;
				CODE_SIGN_IDENTITY = "iPhone Developer";
				COPY_PHASE_STRIP = NO;
				DEBUG_INFORMATION_FORMAT = dwarf;
				ENABLE_STRICT_OBJC_MSGSEND = YES;
				ENABLE_TESTABILITY = YES;
				GCC_C_LANGUAGE_STANDARD = gnu11;
				GCC_DYNAMIC_NO_PIC = NO;
				GCC_NO_COMMON_BLOCKS = YES;
				GCC_OPTIMIZATION_LEVEL = 0;
				GCC_PREPROCESSOR_DEFINITIONS = (
					"DEBUG=1",
					"$(inherited)",
				);
				GCC_WARN_64_TO_32_BIT_CONVERSION = YES;
				GCC_WARN_ABOUT_RETURN_TYPE = YES_ERROR;
				GCC_WARN_UNDECLARED_SELECTOR = YES;
				GCC_WARN_UNINITIALIZED_AUTOS = YES_AGGRESSIVE;
				GCC_WARN_UNUSED_FUNCTION = YES;
				GCC_WARN_UNUSED_VARIABLE = YES;
				IPHONEOS_DEPLOYMENT_TARGET = 12.0;
				MTL_ENABLE_DEBUG_INFO = INCLUDE_SOURCE;
				MTL_FAST_MATH = YES;
				ONLY_ACTIVE_ARCH = YES;
				SDKROOT = iphoneos;
				SWIFT_ACTIVE_COMPILATION_CONDITIONS = DEBUG;
				SWIFT_OPTIMIZATION_LEVEL = "-Onone";
			};
			name = Debug;
		};
		F18A52C521789889003F8C13 /* Release */ = {
			isa = XCBuildConfiguration;
			buildSettings = {
				ALWAYS_SEARCH_USER_PATHS = NO;
				CLANG_ANALYZER_NONNULL = YES;
				CLANG_ANALYZER_NUMBER_OBJECT_CONVERSION = YES_AGGRESSIVE;
				CLANG_CXX_LANGUAGE_STANDARD = "gnu++14";
				CLANG_CXX_LIBRARY = "libc++";
				CLANG_ENABLE_MODULES = YES;
				CLANG_ENABLE_OBJC_ARC = YES;
				CLANG_ENABLE_OBJC_WEAK = YES;
				CLANG_WARN_BLOCK_CAPTURE_AUTORELEASING = YES;
				CLANG_WARN_BOOL_CONVERSION = YES;
				CLANG_WARN_COMMA = YES;
				CLANG_WARN_CONSTANT_CONVERSION = YES;
				CLANG_WARN_DEPRECATED_OBJC_IMPLEMENTATIONS = YES;
				CLANG_WARN_DIRECT_OBJC_ISA_USAGE = YES_ERROR;
				CLANG_WARN_DOCUMENTATION_COMMENTS = YES;
				CLANG_WARN_EMPTY_BODY = YES;
				CLANG_WARN_ENUM_CONVERSION = YES;
				CLANG_WARN_INFINITE_RECURSION = YES;
				CLANG_WARN_INT_CONVERSION = YES;
				CLANG_WARN_NON_LITERAL_NULL_CONVERSION = YES;
				CLANG_WARN_OBJC_IMPLICIT_RETAIN_SELF = YES;
				CLANG_WARN_OBJC_LITERAL_CONVERSION = YES;
				CLANG_WARN_OBJC_ROOT_CLASS = YES_ERROR;
				CLANG_WARN_RANGE_LOOP_ANALYSIS = YES;
				CLANG_WARN_STRICT_PROTOTYPES = YES;
				CLANG_WARN_SUSPICIOUS_MOVE = YES;
				CLANG_WARN_UNGUARDED_AVAILABILITY = YES_AGGRESSIVE;
				CLANG_WARN_UNREACHABLE_CODE = YES;
				CLANG_WARN__DUPLICATE_METHOD_MATCH = YES;
				CODE_SIGN_IDENTITY = "iPhone Developer";
				COPY_PHASE_STRIP = NO;
				DEBUG_INFORMATION_FORMAT = "dwarf-with-dsym";
				ENABLE_NS_ASSERTIONS = NO;
				ENABLE_STRICT_OBJC_MSGSEND = YES;
				GCC_C_LANGUAGE_STANDARD = gnu11;
				GCC_NO_COMMON_BLOCKS = YES;
				GCC_WARN_64_TO_32_BIT_CONVERSION = YES;
				GCC_WARN_ABOUT_RETURN_TYPE = YES_ERROR;
				GCC_WARN_UNDECLARED_SELECTOR = YES;
				GCC_WARN_UNINITIALIZED_AUTOS = YES_AGGRESSIVE;
				GCC_WARN_UNUSED_FUNCTION = YES;
				GCC_WARN_UNUSED_VARIABLE = YES;
				IPHONEOS_DEPLOYMENT_TARGET = 12.0;
				MTL_ENABLE_DEBUG_INFO = NO;
				MTL_FAST_MATH = YES;
				SDKROOT = iphoneos;
				SWIFT_COMPILATION_MODE = wholemodule;
				SWIFT_OPTIMIZATION_LEVEL = "-O";
				VALIDATE_PRODUCT = YES;
			};
			name = Release;
		};
		F18A52C721789889003F8C13 /* Debug */ = {
			isa = XCBuildConfiguration;
			buildSettings = {
				ASSETCATALOG_COMPILER_APPICON_NAME = AppIcon;
				CODE_SIGN_STYLE = Automatic;
				INFOPLIST_FILE = CarouselDemo/Info.plist;
				LD_RUNPATH_SEARCH_PATHS = (
					"$(inherited)",
					"@executable_path/Frameworks",
				);
				PRODUCT_BUNDLE_IDENTIFIER = io.github.futurelab.CarouselDemo;
				PRODUCT_NAME = "$(TARGET_NAME)";
				SWIFT_VERSION = 4.2;
				TARGETED_DEVICE_FAMILY = "1,2";
			};
			name = Debug;
		};
		F18A52C821789889003F8C13 /* Release */ = {
			isa = XCBuildConfiguration;
			buildSettings = {
				ASSETCATALOG_COMPILER_APPICON_NAME = AppIcon;
				CODE_SIGN_STYLE = Automatic;
				INFOPLIST_FILE = CarouselDemo/Info.plist;
				LD_RUNPATH_SEARCH_PATHS = (
					"$(inherited)",
					"@executable_path/Frameworks",
				);
				PRODUCT_BUNDLE_IDENTIFIER = io.github.futurelab.CarouselDemo;
				PRODUCT_NAME = "$(TARGET_NAME)";
				SWIFT_VERSION = 4.2;
				TARGETED_DEVICE_FAMILY = "1,2";
			};
			name = Release;
		};
/* End XCBuildConfiguration section */

/* Begin XCConfigurationList section */
		F18A52AF21789886003F8C13 /* Build configuration list for PBXProject "CarouselDemo" */ = {
			isa = XCConfigurationList;
			buildConfigurations = (
				F18A52C421789889003F8C13 /* Debug */,
				F18A52C521789889003F8C13 /* Release */,
			);
			defaultConfigurationIsVisible = 0;
			defaultConfigurationName = Release;
		};
		F18A52C621789889003F8C13 /* Build configuration list for PBXNativeTarget "CarouselDemo" */ = {
			isa = XCConfigurationList;
			buildConfigurations = (
				F18A52C721789889003F8C13 /* Debug */,
				F18A52C821789889003F8C13 /* Release */,
			);
			defaultConfigurationIsVisible = 0;
			defaultConfigurationName = Release;
		};
/* End XCConfigurationList section */
	};
	rootObject = F18A52AC21789886003F8C13 /* Project object */;
}
